
Microsoft Visual Studio Solution File, Format Version 12.00
# Visual Studio Version 16
VisualStudioVersion = 16.0.31702.278
MinimumVisualStudioVersion = 10.0.40219.1
Project("{FAE04EC0-301F-11D3-BF4B-00C04F79EFBC}") = "Tourism_AppWPF", "Tourism_AppWPF\Tourism_AppWPF.csproj", "{8C054FBA-40C6-4C08-B79F-1D2E0A3D1E08}"
EndProject
Global
	GlobalSection(SolutionConfigurationPlatforms) = preSolution
		Debug|Any CPU = Debug|Any CPU
		Release|Any CPU = Release|Any CPU
	EndGlobalSection
	GlobalSection(ProjectConfigurationPlatforms) = postSolution
		{8C054FBA-40C6-4C08-B79F-1D2E0A3D1E08}.Debug|Any CPU.ActiveCfg = Debug|Any CPU
		{8C054FBA-40C6-4C08-B79F-1D2E0A3D1E08}.Debug|Any CPU.Build.0 = Debug|Any CPU
		{8C054FBA-40C6-4C08-B79F-1D2E0A3D1E08}.Release|Any CPU.ActiveCfg = Release|Any CPU
		{8C054FBA-40C6-4C08-B79F-1D2E0A3D1E08}.Release|Any CPU.Build.0 = Release|Any CPU
	EndGlobalSection
	GlobalSection(SolutionProperties) = preSolution
		HideSolutionNode = FALSE
	EndGlobalSection
	GlobalSection(ExtensibilityGlobals) = postSolution
		SolutionGuid = {B9481164-BB6F-4E6F-A9CA-48C2207190E5}
	EndGlobalSection
EndGlobal
